
Microsoft Visual Studio Solution File, Format Version 12.00
# Visual Studio Version 17
VisualStudioVersion = 17.3.32929.385
MinimumVisualStudioVersion = 10.0.40219.1
Project("{FAE04EC0-301F-11D3-BF4B-00C04F79EFBC}") = "TestBench", "TestBench\TestBench.csproj", "{0D1A5619-9B4C-46E6-8C2E-F30FF5BB787D}"
EndProject
Project("{2150E333-8FDC-42A3-9474-1A3956D46DE8}") = "ot", "ot", "{8E467BDC-9743-4A7B-8B37-E150E003971E}"
EndProject
Project("{FAE04EC0-301F-11D3-BF4B-00C04F79EFBC}") = "BodyMonitoring", "BodyMonitoring\BodyMonitoring.csproj", "{DA0B205B-D862-43F4-9345-C9F7E5D6A417}"
EndProject
Project("{2150E333-8FDC-42A3-9474-1A3956D46DE8}") = "xyLib", "xyLib", "{29CC38FD-03EF-4852-958A-95DDA3FAA57F}"
EndProject
Project("{FAE04EC0-301F-11D3-BF4B-00C04F79EFBC}") = "com.xiyuansoft.BodyMonitoring", "com.xiyuansoft.BodyMonitoring\com.xiyuansoft.BodyMonitoring.csproj", "{E7CD8E37-5004-4ABC-A971-7478C8EFA8C8}"
EndProject
Project("{FAE04EC0-301F-11D3-BF4B-00C04F79EFBC}") = "com.xiyuansoft.xyAppConfig", "..\com.xiyuansoft\xyConfig\com.xiyuansoft.xyAppConfig\com.xiyuansoft.xyAppConfig.csproj", "{1E570E74-75C1-49AE-82B3-3536EFA94E2D}"
EndProject
Project("{2150E333-8FDC-42A3-9474-1A3956D46DE8}") = "Solution Items", "Solution Items", "{36826C63-AF7F-4AA4-9246-26EE11CE00F2}"
	ProjectSection(SolutionItems) = preProject
		README.md = README.md
	EndProjectSection
EndProject
Project("{FAE04EC0-301F-11D3-BF4B-00C04F79EFBC}") = "com.xiyuansoft.bormodel", "..\com.xiyuansoft\bormodel\com.xiyuansoft.bormodel\com.xiyuansoft.bormodel.csproj", "{09A6BA8F-03C1-4093-A7E6-3A3C372B6A6D}"
EndProject
Project("{FAE04EC0-301F-11D3-BF4B-00C04F79EFBC}") = "com.xiyuansoft.DataBasePro", "..\com.xiyuansoft\database\xyDb\com.xiyuansoft.DataBasePro\com.xiyuansoft.DataBasePro.csproj", "{CF557008-F817-4CAF-8668-17FD10065724}"
EndProject
Project("{FAE04EC0-301F-11D3-BF4B-00C04F79EFBC}") = "com.xiyuansoft.DataBaseUpdate", "..\com.xiyuansoft\database\xyDb\com.xiyuansoft.DataBaseUpdate\com.xiyuansoft.DataBaseUpdate.csproj", "{F2E16C78-CB0A-409B-AB64-693BD59EA046}"
EndProject
Project("{FAE04EC0-301F-11D3-BF4B-00C04F79EFBC}") = "com.xiyuansoft.DataBasePro.SQLite64", "..\com.xiyuansoft\database\xyDb\com.xiyuansoft.DataBasePro.SQLite64\com.xiyuansoft.DataBasePro.SQLite64.csproj", "{BCB8FFBC-0C97-48CC-ABCA-08B488A69F07}"
EndProject
Global
	GlobalSection(SolutionConfigurationPlatforms) = preSolution
		Debug|Any CPU = Debug|Any CPU
		Release|Any CPU = Release|Any CPU
	EndGlobalSection
	GlobalSection(ProjectConfigurationPlatforms) = postSolution
		{0D1A5619-9B4C-46E6-8C2E-F30FF5BB787D}.Debug|Any CPU.ActiveCfg = Debug|Any CPU
		{0D1A5619-9B4C-46E6-8C2E-F30FF5BB787D}.Debug|Any CPU.Build.0 = Debug|Any CPU
		{0D1A5619-9B4C-46E6-8C2E-F30FF5BB787D}.Release|Any CPU.ActiveCfg = Release|Any CPU
		{0D1A5619-9B4C-46E6-8C2E-F30FF5BB787D}.Release|Any CPU.Build.0 = Release|Any CPU
		{DA0B205B-D862-43F4-9345-C9F7E5D6A417}.Debug|Any CPU.ActiveCfg = Debug|Any CPU
		{DA0B205B-D862-43F4-9345-C9F7E5D6A417}.Debug|Any CPU.Build.0 = Debug|Any CPU
		{DA0B205B-D862-43F4-9345-C9F7E5D6A417}.Release|Any CPU.ActiveCfg = Release|Any CPU
		{DA0B205B-D862-43F4-9345-C9F7E5D6A417}.Release|Any CPU.Build.0 = Release|Any CPU
		{E7CD8E37-5004-4ABC-A971-7478C8EFA8C8}.Debug|Any CPU.ActiveCfg = Debug|Any CPU
		{E7CD8E37-5004-4ABC-A971-7478C8EFA8C8}.Debug|Any CPU.Build.0 = Debug|Any CPU
		{E7CD8E37-5004-4ABC-A971-7478C8EFA8C8}.Release|Any CPU.ActiveCfg = Release|Any CPU
		{E7CD8E37-5004-4ABC-A971-7478C8EFA8C8}.Release|Any CPU.Build.0 = Release|Any CPU
		{1E570E74-75C1-49AE-82B3-3536EFA94E2D}.Debug|Any CPU.ActiveCfg = Debug|Any CPU
		{1E570E74-75C1-49AE-82B3-3536EFA94E2D}.Debug|Any CPU.Build.0 = Debug|Any CPU
		{1E570E74-75C1-49AE-82B3-3536EFA94E2D}.Release|Any CPU.ActiveCfg = Release|Any CPU
		{1E570E74-75C1-49AE-82B3-3536EFA94E2D}.Release|Any CPU.Build.0 = Release|Any CPU
		{09A6BA8F-03C1-4093-A7E6-3A3C372B6A6D}.Debug|Any CPU.ActiveCfg = Debug|Any CPU
		{09A6BA8F-03C1-4093-A7E6-3A3C372B6A6D}.Debug|Any CPU.Build.0 = Debug|Any CPU
		{09A6BA8F-03C1-4093-A7E6-3A3C372B6A6D}.Release|Any CPU.ActiveCfg = Release|Any CPU
		{09A6BA8F-03C1-4093-A7E6-3A3C372B6A6D}.Release|Any CPU.Build.0 = Release|Any CPU
		{CF557008-F817-4CAF-8668-17FD10065724}.Debug|Any CPU.ActiveCfg = Debug|Any CPU
		{CF557008-F817-4CAF-8668-17FD10065724}.Debug|Any CPU.Build.0 = Debug|Any CPU
		{CF557008-F817-4CAF-8668-17FD10065724}.Release|Any CPU.ActiveCfg = Release|Any CPU
		{CF557008-F817-4CAF-8668-17FD10065724}.Release|Any CPU.Build.0 = Release|Any CPU
		{F2E16C78-CB0A-409B-AB64-693BD59EA046}.Debug|Any CPU.ActiveCfg = Debug|Any CPU
		{F2E16C78-CB0A-409B-AB64-693BD59EA046}.Debug|Any CPU.Build.0 = Debug|Any CPU
		{F2E16C78-CB0A-409B-AB64-693BD59EA046}.Release|Any CPU.ActiveCfg = Release|Any CPU
		{F2E16C78-CB0A-409B-AB64-693BD59EA046}.Release|Any CPU.Build.0 = Release|Any CPU
		{BCB8FFBC-0C97-48CC-ABCA-08B488A69F07}.Debug|Any CPU.ActiveCfg = Debug|Any CPU
		{BCB8FFBC-0C97-48CC-ABCA-08B488A69F07}.Debug|Any CPU.Build.0 = Debug|Any CPU
		{BCB8FFBC-0C97-48CC-ABCA-08B488A69F07}.Release|Any CPU.ActiveCfg = Release|Any CPU
		{BCB8FFBC-0C97-48CC-ABCA-08B488A69F07}.Release|Any CPU.Build.0 = Release|Any CPU
	EndGlobalSection
	GlobalSection(SolutionProperties) = preSolution
		HideSolutionNode = FALSE
	EndGlobalSection
	GlobalSection(NestedProjects) = preSolution
		{29CC38FD-03EF-4852-958A-95DDA3FAA57F} = {8E467BDC-9743-4A7B-8B37-E150E003971E}
		{1E570E74-75C1-49AE-82B3-3536EFA94E2D} = {29CC38FD-03EF-4852-958A-95DDA3FAA57F}
		{09A6BA8F-03C1-4093-A7E6-3A3C372B6A6D} = {29CC38FD-03EF-4852-958A-95DDA3FAA57F}
		{CF557008-F817-4CAF-8668-17FD10065724} = {29CC38FD-03EF-4852-958A-95DDA3FAA57F}
		{F2E16C78-CB0A-409B-AB64-693BD59EA046} = {29CC38FD-03EF-4852-958A-95DDA3FAA57F}
		{BCB8FFBC-0C97-48CC-ABCA-08B488A69F07} = {29CC38FD-03EF-4852-958A-95DDA3FAA57F}
	EndGlobalSection
	GlobalSection(ExtensibilityGlobals) = postSolution
		SolutionGuid = {08CA73A6-7337-4B4E-866E-24451B39E700}
	EndGlobalSection
EndGlobal
